
Microsoft Visual Studio Solution File, Format Version 12.00
# Visual Studio Version 16
VisualStudioVersion = 16.0.30114.105
MinimumVisualStudioVersion = 10.0.40219.1
Project("{FAE04EC0-301F-11D3-BF4B-00C04F79EFBC}") = "Biblioteka", "Biblioteka\Biblioteka.csproj", "{FF5EC1D7-7854-43FD-A3F7-DB0A103BA822}"
EndProject
Global
	GlobalSection(SolutionConfigurationPlatforms) = preSolution
		Debug|Any CPU = Debug|Any CPU
		Release|Any CPU = Release|Any CPU
	EndGlobalSection
	GlobalSection(ProjectConfigurationPlatforms) = postSolution
		{FF5EC1D7-7854-43FD-A3F7-DB0A103BA822}.Debug|Any CPU.ActiveCfg = Debug|Any CPU
		{FF5EC1D7-7854-43FD-A3F7-DB0A103BA822}.Debug|Any CPU.Build.0 = Debug|Any CPU
		{FF5EC1D7-7854-43FD-A3F7-DB0A103BA822}.Release|Any CPU.ActiveCfg = Release|Any CPU
		{FF5EC1D7-7854-43FD-A3F7-DB0A103BA822}.Release|Any CPU.Build.0 = Release|Any CPU
	EndGlobalSection
	GlobalSection(SolutionProperties) = preSolution
		HideSolutionNode = FALSE
	EndGlobalSection
	GlobalSection(ExtensibilityGlobals) = postSolution
		SolutionGuid = {B2357F68-E329-4608-8750-855CB61021A9}
	EndGlobalSection
EndGlobal
